
Microsoft Visual Studio Solution File, Format Version 12.00
# Visual Studio Version 17
VisualStudioVersion = 17.11.35327.3
MinimumVisualStudioVersion = 10.0.40219.1
Project("{FAE04EC0-301F-11D3-BF4B-00C04F79EFBC}") = "web page", "web page.csproj", "{9F41968E-590A-44E0-8ECD-0EA842B93254}"
EndProject
Global
	GlobalSection(SolutionConfigurationPlatforms) = preSolution
		Debug|Any CPU = Debug|Any CPU
		Release|Any CPU = Release|Any CPU
	EndGlobalSection
	GlobalSection(ProjectConfigurationPlatforms) = postSolution
		{9F41968E-590A-44E0-8ECD-0EA842B93254}.Debug|Any CPU.ActiveCfg = Debug|Any CPU
		{9F41968E-590A-44E0-8ECD-0EA842B93254}.Debug|Any CPU.Build.0 = Debug|Any CPU
		{9F41968E-590A-44E0-8ECD-0EA842B93254}.Release|Any CPU.ActiveCfg = Release|Any CPU
		{9F41968E-590A-44E0-8ECD-0EA842B93254}.Release|Any CPU.Build.0 = Release|Any CPU
	EndGlobalSection
	GlobalSection(SolutionProperties) = preSolution
		HideSolutionNode = FALSE
	EndGlobalSection
	GlobalSection(ExtensibilityGlobals) = postSolution
		SolutionGuid = {5C7AE066-5F20-436E-A35B-1C084B5FA054}
	EndGlobalSection
EndGlobal
